
Microsoft Visual Studio Solution File, Format Version 12.00
# Visual Studio Version 17
VisualStudioVersion = 17.6.33723.286
MinimumVisualStudioVersion = 10.0.40219.1
Project("{FAE04EC0-301F-11D3-BF4B-00C04F79EFBC}") = "CursoC#1", "CursoC#1.csproj", "{88B61CEC-B461-4CBA-809D-E063E32E2356}"
EndProject
Global
	GlobalSection(SolutionConfigurationPlatforms) = preSolution
		Debug|Any CPU = Debug|Any CPU
		Release|Any CPU = Release|Any CPU
	EndGlobalSection
	GlobalSection(ProjectConfigurationPlatforms) = postSolution
		{88B61CEC-B461-4CBA-809D-E063E32E2356}.Debug|Any CPU.ActiveCfg = Debug|Any CPU
		{88B61CEC-B461-4CBA-809D-E063E32E2356}.Debug|Any CPU.Build.0 = Debug|Any CPU
		{88B61CEC-B461-4CBA-809D-E063E32E2356}.Release|Any CPU.ActiveCfg = Release|Any CPU
		{88B61CEC-B461-4CBA-809D-E063E32E2356}.Release|Any CPU.Build.0 = Release|Any CPU
	EndGlobalSection
	GlobalSection(SolutionProperties) = preSolution
		HideSolutionNode = FALSE
	EndGlobalSection
	GlobalSection(ExtensibilityGlobals) = postSolution
		SolutionGuid = {0E3586F6-610F-4689-99A5-1F7786D0A06A}
	EndGlobalSection
EndGlobal
